// !$*UTF8*$!
{
	archiveVersion = 1;
	classes = {
	};
	objectVersion = 56;
	objects = {

/* Begin PBXBuildFile section */
		0844B22F8A8974DC743C888A /* Pods_NetflixClone_NetflixCloneUITests.framework in Frameworks */ = {isa = PBXBuildFile; fileRef = 0A6402AF1CDE32563F5CE640 /* Pods_NetflixClone_NetflixCloneUITests.framework */; };
		1B71ABAF2AA3207100A7297F /* TitleTableViewCell.swift in Sources */ = {isa = PBXBuildFile; fileRef = 1B71ABAE2AA3207100A7297F /* TitleTableViewCell.swift */; };
		1B71ABB22AA3255700A7297F /* ApiCaller.swift in Sources */ = {isa = PBXBuildFile; fileRef = 1B71ABB12AA3255700A7297F /* ApiCaller.swift */; };
		1B71ABB52AA3258F00A7297F /* TrendingTitleResponse.swift in Sources */ = {isa = PBXBuildFile; fileRef = 1B71ABB42AA3258F00A7297F /* TrendingTitleResponse.swift */; };
		1B71ABB82AA3286800A7297F /* TitleViewModel.swift in Sources */ = {isa = PBXBuildFile; fileRef = 1B71ABB72AA3286800A7297F /* TitleViewModel.swift */; };
		1B71ABBA2AA3392D00A7297F /* TitleCollectionViewCell.swift in Sources */ = {isa = PBXBuildFile; fileRef = 1B71ABB92AA3392D00A7297F /* TitleCollectionViewCell.swift */; };
		1B71ABBE2AA339FF00A7297F /* TitlePreviewViewModel.swift in Sources */ = {isa = PBXBuildFile; fileRef = 1B71ABBD2AA339FF00A7297F /* TitlePreviewViewModel.swift */; };
		1B71ABC02AA33A2B00A7297F /* YoutubeSearchResponse.swift in Sources */ = {isa = PBXBuildFile; fileRef = 1B71ABBF2AA33A2B00A7297F /* YoutubeSearchResponse.swift */; };
		1B71ABC32AA33D6000A7297F /* TitlePreviewViewController.swift in Sources */ = {isa = PBXBuildFile; fileRef = 1B71ABC22AA33D6000A7297F /* TitlePreviewViewController.swift */; };
		1B71ABC52AA36B6F00A7297F /* SearchResultViewController.swift in Sources */ = {isa = PBXBuildFile; fileRef = 1B71ABC42AA36B6F00A7297F /* SearchResultViewController.swift */; };
		1B71ABC72AA3737400A7297F /* DataPersistenceManager.swift in Sources */ = {isa = PBXBuildFile; fileRef = 1B71ABC62AA3737400A7297F /* DataPersistenceManager.swift */; };
		1B71ABCA2AA373E700A7297F /* NetflixCloneModel.xcdatamodeld in Sources */ = {isa = PBXBuildFile; fileRef = 1B71ABC82AA373E700A7297F /* NetflixCloneModel.xcdatamodeld */; };
		1B71ABCC2AA394EF00A7297F /* Extentions.swift in Sources */ = {isa = PBXBuildFile; fileRef = 1B71ABCB2AA394EF00A7297F /* Extentions.swift */; };
		1BC716312A9A1850009468BE /* AppDelegate.swift in Sources */ = {isa = PBXBuildFile; fileRef = 1BC716302A9A1850009468BE /* AppDelegate.swift */; };
		1BC716332A9A1850009468BE /* SceneDelegate.swift in Sources */ = {isa = PBXBuildFile; fileRef = 1BC716322A9A1850009468BE /* SceneDelegate.swift */; };
		1BC716352A9A1850009468BE /* MainTabBarController.swift in Sources */ = {isa = PBXBuildFile; fileRef = 1BC716342A9A1850009468BE /* MainTabBarController.swift */; };
		1BC7163A2A9A1852009468BE /* Assets.xcassets in Resources */ = {isa = PBXBuildFile; fileRef = 1BC716392A9A1852009468BE /* Assets.xcassets */; };
		1BC7163D2A9A1852009468BE /* LaunchScreen.storyboard in Resources */ = {isa = PBXBuildFile; fileRef = 1BC7163B2A9A1852009468BE /* LaunchScreen.storyboard */; };
		1BC716482A9A1852009468BE /* NetflixCloneTests.swift in Sources */ = {isa = PBXBuildFile; fileRef = 1BC716472A9A1852009468BE /* NetflixCloneTests.swift */; };
		1BC716522A9A1852009468BE /* NetflixCloneUITests.swift in Sources */ = {isa = PBXBuildFile; fileRef = 1BC716512A9A1852009468BE /* NetflixCloneUITests.swift */; };
		1BC716542A9A1852009468BE /* NetflixCloneUITestsLaunchTests.swift in Sources */ = {isa = PBXBuildFile; fileRef = 1BC716532A9A1852009468BE /* NetflixCloneUITestsLaunchTests.swift */; };
		1BC716622A9A19E6009468BE /* HomeViewController.swift in Sources */ = {isa = PBXBuildFile; fileRef = 1BC716612A9A19E6009468BE /* HomeViewController.swift */; };
		1BC716642A9A19FA009468BE /* UpcommingViewController.swift in Sources */ = {isa = PBXBuildFile; fileRef = 1BC716632A9A19FA009468BE /* UpcommingViewController.swift */; };
		1BC716662A9A1A05009468BE /* SearchViewController.swift in Sources */ = {isa = PBXBuildFile; fileRef = 1BC716652A9A1A05009468BE /* SearchViewController.swift */; };
		1BC716682A9A1A24009468BE /* DownloadsViewController.swift in Sources */ = {isa = PBXBuildFile; fileRef = 1BC716672A9A1A24009468BE /* DownloadsViewController.swift */; };
		1BC7166D2A9A1E2C009468BE /* CollectionViewTableViewCell.swift in Sources */ = {isa = PBXBuildFile; fileRef = 1BC7166C2A9A1E2C009468BE /* CollectionViewTableViewCell.swift */; };
		1BC7166F2A9A4EEF009468BE /* HeroHeaderUIView.swift in Sources */ = {isa = PBXBuildFile; fileRef = 1BC7166E2A9A4EEF009468BE /* HeroHeaderUIView.swift */; };
		6E6E6A2259F5371E359D559F /* Pods_NetflixCloneTests.framework in Frameworks */ = {isa = PBXBuildFile; fileRef = 27EEAAEB68D554E48958F5ED /* Pods_NetflixCloneTests.framework */; };
		B032D1077BEC4A126F5B7B8D /* Pods_NetflixClone.framework in Frameworks */ = {isa = PBXBuildFile; fileRef = 2ED484CE48B42027BE3C4D62 /* Pods_NetflixClone.framework */; };
/* End PBXBuildFile section */

/* Begin PBXContainerItemProxy section */
		1BC716442A9A1852009468BE /* PBXContainerItemProxy */ = {
			isa = PBXContainerItemProxy;
			containerPortal = 1BC716252A9A1850009468BE /* Project object */;
			proxyType = 1;
			remoteGlobalIDString = 1BC7162C2A9A1850009468BE;
			remoteInfo = NetflixClone;
		};
		1BC7164E2A9A1852009468BE /* PBXContainerItemProxy */ = {
			isa = PBXContainerItemProxy;
			containerPortal = 1BC716252A9A1850009468BE /* Project object */;
			proxyType = 1;
			remoteGlobalIDString = 1BC7162C2A9A1850009468BE;
			remoteInfo = NetflixClone;
		};
/* End PBXContainerItemProxy section */

/* Begin PBXFileReference section */
		0A6402AF1CDE32563F5CE640 /* Pods_NetflixClone_NetflixCloneUITests.framework */ = {isa = PBXFileReference; explicitFileType = wrapper.framework; includeInIndex = 0; path = Pods_NetflixClone_NetflixCloneUITests.framework; sourceTree = BUILT_PRODUCTS_DIR; };
		17CDAF69B89AD242A4B7F195 /* Pods-NetflixClone-NetflixCloneUITests.release.xcconfig */ = {isa = PBXFileReference; includeInIndex = 1; lastKnownFileType = text.xcconfig; name = "Pods-NetflixClone-NetflixCloneUITests.release.xcconfig"; path = "Target Support Files/Pods-NetflixClone-NetflixCloneUITests/Pods-NetflixClone-NetflixCloneUITests.release.xcconfig"; sourceTree = "<group>"; };
		1B71ABAE2AA3207100A7297F /* TitleTableViewCell.swift */ = {isa = PBXFileReference; lastKnownFileType = sourcecode.swift; path = TitleTableViewCell.swift; sourceTree = "<group>"; };
		1B71ABB12AA3255700A7297F /* ApiCaller.swift */ = {isa = PBXFileReference; lastKnownFileType = sourcecode.swift; path = ApiCaller.swift; sourceTree = "<group>"; };
		1B71ABB42AA3258F00A7297F /* TrendingTitleResponse.swift */ = {isa = PBXFileReference; lastKnownFileType = sourcecode.swift; path = TrendingTitleResponse.swift; sourceTree = "<group>"; };
		1B71ABB72AA3286800A7297F /* TitleViewModel.swift */ = {isa = PBXFileReference; lastKnownFileType = sourcecode.swift; path = TitleViewModel.swift; sourceTree = "<group>"; };
		1B71ABB92AA3392D00A7297F /* TitleCollectionViewCell.swift */ = {isa = PBXFileReference; lastKnownFileType = sourcecode.swift; path = TitleCollectionViewCell.swift; sourceTree = "<group>"; };
		1B71ABBD2AA339FF00A7297F /* TitlePreviewViewModel.swift */ = {isa = PBXFileReference; lastKnownFileType = sourcecode.swift; path = TitlePreviewViewModel.swift; sourceTree = "<group>"; };
		1B71ABBF2AA33A2B00A7297F /* YoutubeSearchResponse.swift */ = {isa = PBXFileReference; lastKnownFileType = sourcecode.swift; path = YoutubeSearchResponse.swift; sourceTree = "<group>"; };
		1B71ABC22AA33D6000A7297F /* TitlePreviewViewController.swift */ = {isa = PBXFileReference; lastKnownFileType = sourcecode.swift; path = TitlePreviewViewController.swift; sourceTree = "<group>"; };
		1B71ABC42AA36B6F00A7297F /* SearchResultViewController.swift */ = {isa = PBXFileReference; lastKnownFileType = sourcecode.swift; path = SearchResultViewController.swift; sourceTree = "<group>"; };
		1B71ABC62AA3737400A7297F /* DataPersistenceManager.swift */ = {isa = PBXFileReference; lastKnownFileType = sourcecode.swift; path = DataPersistenceManager.swift; sourceTree = "<group>"; };
		1B71ABC92AA373E700A7297F /* TitleItem.xcdatamodel */ = {isa = PBXFileReference; lastKnownFileType = wrapper.xcdatamodel; path = TitleItem.xcdatamodel; sourceTree = "<group>"; };
		1B71ABCB2AA394EF00A7297F /* Extentions.swift */ = {isa = PBXFileReference; lastKnownFileType = sourcecode.swift; path = Extentions.swift; sourceTree = "<group>"; };
		1BC7162D2A9A1850009468BE /* NetflixClone.app */ = {isa = PBXFileReference; explicitFileType = wrapper.application; includeInIndex = 0; path = NetflixClone.app; sourceTree = BUILT_PRODUCTS_DIR; };
		1BC716302A9A1850009468BE /* AppDelegate.swift */ = {isa = PBXFileReference; lastKnownFileType = sourcecode.swift; path = AppDelegate.swift; sourceTree = "<group>"; };
		1BC716322A9A1850009468BE /* SceneDelegate.swift */ = {isa = PBXFileReference; lastKnownFileType = sourcecode.swift; path = SceneDelegate.swift; sourceTree = "<group>"; };
		1BC716342A9A1850009468BE /* MainTabBarController.swift */ = {isa = PBXFileReference; lastKnownFileType = sourcecode.swift; path = MainTabBarController.swift; sourceTree = "<group>"; };
		1BC716392A9A1852009468BE /* Assets.xcassets */ = {isa = PBXFileReference; lastKnownFileType = folder.assetcatalog; path = Assets.xcassets; sourceTree = "<group>"; };
		1BC7163C2A9A1852009468BE /* Base */ = {isa = PBXFileReference; lastKnownFileType = file.storyboard; name = Base; path = Base.lproj/LaunchScreen.storyboard; sourceTree = "<group>"; };
		1BC7163E2A9A1852009468BE /* Info.plist */ = {isa = PBXFileReference; lastKnownFileType = text.plist.xml; path = Info.plist; sourceTree = "<group>"; };
		1BC716432A9A1852009468BE /* NetflixCloneTests.xctest */ = {isa = PBXFileReference; explicitFileType = wrapper.cfbundle; includeInIndex = 0; path = NetflixCloneTests.xctest; sourceTree = BUILT_PRODUCTS_DIR; };
		1BC716472A9A1852009468BE /* NetflixCloneTests.swift */ = {isa = PBXFileReference; lastKnownFileType = sourcecode.swift; path = NetflixCloneTests.swift; sourceTree = "<group>"; };
		1BC7164D2A9A1852009468BE /* NetflixCloneUITests.xctest */ = {isa = PBXFileReference; explicitFileType = wrapper.cfbundle; includeInIndex = 0; path = NetflixCloneUITests.xctest; sourceTree = BUILT_PRODUCTS_DIR; };
		1BC716512A9A1852009468BE /* NetflixCloneUITests.swift */ = {isa = PBXFileReference; lastKnownFileType = sourcecode.swift; path = NetflixCloneUITests.swift; sourceTree = "<group>"; };
		1BC716532A9A1852009468BE /* NetflixCloneUITestsLaunchTests.swift */ = {isa = PBXFileReference; lastKnownFileType = sourcecode.swift; path = NetflixCloneUITestsLaunchTests.swift; sourceTree = "<group>"; };
		1BC716612A9A19E6009468BE /* HomeViewController.swift */ = {isa = PBXFileReference; lastKnownFileType = sourcecode.swift; path = HomeViewController.swift; sourceTree = "<group>"; };
		1BC716632A9A19FA009468BE /* UpcommingViewController.swift */ = {isa = PBXFileReference; lastKnownFileType = sourcecode.swift; path = UpcommingViewController.swift; sourceTree = "<group>"; };
		1BC716652A9A1A05009468BE /* SearchViewController.swift */ = {isa = PBXFileReference; lastKnownFileType = sourcecode.swift; path = SearchViewController.swift; sourceTree = "<group>"; };
		1BC716672A9A1A24009468BE /* DownloadsViewController.swift */ = {isa = PBXFileReference; lastKnownFileType = sourcecode.swift; path = DownloadsViewController.swift; sourceTree = "<group>"; };
		1BC7166C2A9A1E2C009468BE /* CollectionViewTableViewCell.swift */ = {isa = PBXFileReference; lastKnownFileType = sourcecode.swift; path = CollectionViewTableViewCell.swift; sourceTree = "<group>"; };
		1BC7166E2A9A4EEF009468BE /* HeroHeaderUIView.swift */ = {isa = PBXFileReference; lastKnownFileType = sourcecode.swift; path = HeroHeaderUIView.swift; sourceTree = "<group>"; };
		27EEAAEB68D554E48958F5ED /* Pods_NetflixCloneTests.framework */ = {isa = PBXFileReference; explicitFileType = wrapper.framework; includeInIndex = 0; path = Pods_NetflixCloneTests.framework; sourceTree = BUILT_PRODUCTS_DIR; };
		2ED484CE48B42027BE3C4D62 /* Pods_NetflixClone.framework */ = {isa = PBXFileReference; explicitFileType = wrapper.framework; includeInIndex = 0; path = Pods_NetflixClone.framework; sourceTree = BUILT_PRODUCTS_DIR; };
		34919B3965E9D7FCD451CF6B /* Pods-NetflixClone.release.xcconfig */ = {isa = PBXFileReference; includeInIndex = 1; lastKnownFileType = text.xcconfig; name = "Pods-NetflixClone.release.xcconfig"; path = "Target Support Files/Pods-NetflixClone/Pods-NetflixClone.release.xcconfig"; sourceTree = "<group>"; };
		36ED04F3370E8B3172EA626C /* Pods-NetflixCloneTests.release.xcconfig */ = {isa = PBXFileReference; includeInIndex = 1; lastKnownFileType = text.xcconfig; name = "Pods-NetflixCloneTests.release.xcconfig"; path = "Target Support Files/Pods-NetflixCloneTests/Pods-NetflixCloneTests.release.xcconfig"; sourceTree = "<group>"; };
		AD52BC1283582796323C41DA /* Pods-NetflixCloneTests.debug.xcconfig */ = {isa = PBXFileReference; includeInIndex = 1; lastKnownFileType = text.xcconfig; name = "Pods-NetflixCloneTests.debug.xcconfig"; path = "Target Support Files/Pods-NetflixCloneTests/Pods-NetflixCloneTests.debug.xcconfig"; sourceTree = "<group>"; };
		B86929229DC587DBA6C4266C /* Pods-NetflixClone-NetflixCloneUITests.debug.xcconfig */ = {isa = PBXFileReference; includeInIndex = 1; lastKnownFileType = text.xcconfig; name = "Pods-NetflixClone-NetflixCloneUITests.debug.xcconfig"; path = "Target Support Files/Pods-NetflixClone-NetflixCloneUITests/Pods-NetflixClone-NetflixCloneUITests.debug.xcconfig"; sourceTree = "<group>"; };
		FF6EB2770E0361E82C90B2F5 /* Pods-NetflixClone.debug.xcconfig */ = {isa = PBXFileReference; includeInIndex = 1; lastKnownFileType = text.xcconfig; name = "Pods-NetflixClone.debug.xcconfig"; path = "Target Support Files/Pods-NetflixClone/Pods-NetflixClone.debug.xcconfig"; sourceTree = "<group>"; };
/* End PBXFileReference section */

/* Begin PBXFrameworksBuildPhase section */
		1BC7162A2A9A1850009468BE /* Frameworks */ = {
			isa = PBXFrameworksBuildPhase;
			buildActionMask = 2147483647;
			files = (
				B032D1077BEC4A126F5B7B8D /* Pods_NetflixClone.framework in Frameworks */,
			);
			runOnlyForDeploymentPostprocessing = 0;
		};
		1BC716402A9A1852009468BE /* Frameworks */ = {
			isa = PBXFrameworksBuildPhase;
			buildActionMask = 2147483647;
			files = (
				6E6E6A2259F5371E359D559F /* Pods_NetflixCloneTests.framework in Frameworks */,
			);
			runOnlyForDeploymentPostprocessing = 0;
		};
		1BC7164A2A9A1852009468BE /* Frameworks */ = {
			isa = PBXFrameworksBuildPhase;
			buildActionMask = 2147483647;
			files = (
				0844B22F8A8974DC743C888A /* Pods_NetflixClone_NetflixCloneUITests.framework in Frameworks */,
			);
			runOnlyForDeploymentPostprocessing = 0;
		};
/* End PBXFrameworksBuildPhase section */

/* Begin PBXGroup section */
		1B71ABB02AA3252C00A7297F /* ApiCaller */ = {
			isa = PBXGroup;
			children = (
				1B71ABB12AA3255700A7297F /* ApiCaller.swift */,
				1B71ABC62AA3737400A7297F /* DataPersistenceManager.swift */,
			);
			path = ApiCaller;
			sourceTree = "<group>";
		};
		1B71ABB32AA3258100A7297F /* Models */ = {
			isa = PBXGroup;
			children = (
				1B71ABB42AA3258F00A7297F /* TrendingTitleResponse.swift */,
				1B71ABBF2AA33A2B00A7297F /* YoutubeSearchResponse.swift */,
			);
			path = Models;
			sourceTree = "<group>";
		};
		1B71ABB62AA3285B00A7297F /* ViewModels */ = {
			isa = PBXGroup;
			children = (
				1B71ABB72AA3286800A7297F /* TitleViewModel.swift */,
				1B71ABBD2AA339FF00A7297F /* TitlePreviewViewModel.swift */,
			);
			path = ViewModels;
			sourceTree = "<group>";
		};
		1B71ABC12AA33D3D00A7297F /* General */ = {
			isa = PBXGroup;
			children = (
				1B71ABC22AA33D6000A7297F /* TitlePreviewViewController.swift */,
				1B71ABC42AA36B6F00A7297F /* SearchResultViewController.swift */,
			);
			path = General;
			sourceTree = "<group>";
		};
		1BC716242A9A1850009468BE = {
			isa = PBXGroup;
			children = (
				1BC7162F2A9A1850009468BE /* NetflixClone */,
				1BC716462A9A1852009468BE /* NetflixCloneTests */,
				1BC716502A9A1852009468BE /* NetflixCloneUITests */,
				1BC7162E2A9A1850009468BE /* Products */,
				3F5B245AB149D9264B4B860B /* Pods */,
				6CE8A0D0A928B8964CD9F9EF /* Frameworks */,
			);
			sourceTree = "<group>";
		};
		1BC7162E2A9A1850009468BE /* Products */ = {
			isa = PBXGroup;
			children = (
				1BC7162D2A9A1850009468BE /* NetflixClone.app */,
				1BC716432A9A1852009468BE /* NetflixCloneTests.xctest */,
				1BC7164D2A9A1852009468BE /* NetflixCloneUITests.xctest */,
			);
			name = Products;
			sourceTree = "<group>";
		};
		1BC7162F2A9A1850009468BE /* NetflixClone */ = {
			isa = PBXGroup;
			children = (
				1B71ABC12AA33D3D00A7297F /* General */,
				1B71ABB62AA3285B00A7297F /* ViewModels */,
				1B71ABB32AA3258100A7297F /* Models */,
				1B71ABB02AA3252C00A7297F /* ApiCaller */,
				1BC7166B2A9A1E08009468BE /* Views */,
				1BC7166A2A9A1DFD009468BE /* Managers */,
				1BC716692A9A1DF3009468BE /* Resources */,
				1BC716602A9A19D4009468BE /* Controllers */,
				1BC716302A9A1850009468BE /* AppDelegate.swift */,
				1BC716322A9A1850009468BE /* SceneDelegate.swift */,
				1BC716342A9A1850009468BE /* MainTabBarController.swift */,
				1BC716392A9A1852009468BE /* Assets.xcassets */,
				1BC7163B2A9A1852009468BE /* LaunchScreen.storyboard */,
				1BC7163E2A9A1852009468BE /* Info.plist */,
				1B71ABC82AA373E700A7297F /* NetflixCloneModel.xcdatamodeld */,
				1B71ABCB2AA394EF00A7297F /* Extentions.swift */,
			);
			path = NetflixClone;
			sourceTree = "<group>";
		};
		1BC716462A9A1852009468BE /* NetflixCloneTests */ = {
			isa = PBXGroup;
			children = (
				1BC716472A9A1852009468BE /* NetflixCloneTests.swift */,
			);
			path = NetflixCloneTests;
			sourceTree = "<group>";
		};
		1BC716502A9A1852009468BE /* NetflixCloneUITests */ = {
			isa = PBXGroup;
			children = (
				1BC716512A9A1852009468BE /* NetflixCloneUITests.swift */,
				1BC716532A9A1852009468BE /* NetflixCloneUITestsLaunchTests.swift */,
			);
			path = NetflixCloneUITests;
			sourceTree = "<group>";
		};
		1BC716602A9A19D4009468BE /* Controllers */ = {
			isa = PBXGroup;
			children = (
				1BC716612A9A19E6009468BE /* HomeViewController.swift */,
				1BC716632A9A19FA009468BE /* UpcommingViewController.swift */,
				1BC716652A9A1A05009468BE /* SearchViewController.swift */,
				1BC716672A9A1A24009468BE /* DownloadsViewController.swift */,
			);
			path = Controllers;
			sourceTree = "<group>";
		};
		1BC716692A9A1DF3009468BE /* Resources */ = {
			isa = PBXGroup;
			children = (
			);
			path = Resources;
			sourceTree = "<group>";
		};
		1BC7166A2A9A1DFD009468BE /* Managers */ = {
			isa = PBXGroup;
			children = (
			);
			path = Managers;
			sourceTree = "<group>";
		};
		1BC7166B2A9A1E08009468BE /* Views */ = {
			isa = PBXGroup;
			children = (
				1BC7166C2A9A1E2C009468BE /* CollectionViewTableViewCell.swift */,
				1BC7166E2A9A4EEF009468BE /* HeroHeaderUIView.swift */,
				1B71ABAE2AA3207100A7297F /* TitleTableViewCell.swift */,
				1B71ABB92AA3392D00A7297F /* TitleCollectionViewCell.swift */,
			);
			path = Views;
			sourceTree = "<group>";
		};
		3F5B245AB149D9264B4B860B /* Pods */ = {
			isa = PBXGroup;
			children = (
				FF6EB2770E0361E82C90B2F5 /* Pods-NetflixClone.debug.xcconfig */,
				34919B3965E9D7FCD451CF6B /* Pods-NetflixClone.release.xcconfig */,
				B86929229DC587DBA6C4266C /* Pods-NetflixClone-NetflixCloneUITests.debug.xcconfig */,
				17CDAF69B89AD242A4B7F195 /* Pods-NetflixClone-NetflixCloneUITests.release.xcconfig */,
				AD52BC1283582796323C41DA /* Pods-NetflixCloneTests.debug.xcconfig */,
				36ED04F3370E8B3172EA626C /* Pods-NetflixCloneTests.release.xcconfig */,
			);
			name = Pods;
			path = Pods;
			sourceTree = "<group>";
		};
		6CE8A0D0A928B8964CD9F9EF /* Frameworks */ = {
			isa = PBXGroup;
			children = (
				2ED484CE48B42027BE3C4D62 /* Pods_NetflixClone.framework */,
				0A6402AF1CDE32563F5CE640 /* Pods_NetflixClone_NetflixCloneUITests.framework */,
				27EEAAEB68D554E48958F5ED /* Pods_NetflixCloneTests.framework */,
			);
			name = Frameworks;
			sourceTree = "<group>";
		};
/* End PBXGroup section */

/* Begin PBXNativeTarget section */
		1BC7162C2A9A1850009468BE /* NetflixClone */ = {
			isa = PBXNativeTarget;
			buildConfigurationList = 1BC716572A9A1852009468BE /* Build configuration list for PBXNativeTarget "NetflixClone" */;
			buildPhases = (
				14D2D60C44DBD440967B9F7D /* [CP] Check Pods Manifest.lock */,
				1BC716292A9A1850009468BE /* Sources */,
				1BC7162A2A9A1850009468BE /* Frameworks */,
				1BC7162B2A9A1850009468BE /* Resources */,
				6FEA1BAAB4B528F5F7482010 /* [CP] Embed Pods Frameworks */,
			);
			buildRules = (
			);
			dependencies = (
			);
			name = NetflixClone;
			productName = NetflixClone;
			productReference = 1BC7162D2A9A1850009468BE /* NetflixClone.app */;
			productType = "com.apple.product-type.application";
		};
		1BC716422A9A1852009468BE /* NetflixCloneTests */ = {
			isa = PBXNativeTarget;
			buildConfigurationList = 1BC7165A2A9A1852009468BE /* Build configuration list for PBXNativeTarget "NetflixCloneTests" */;
			buildPhases = (
				8A453E66EB935984B05DD8C3 /* [CP] Check Pods Manifest.lock */,
				1BC7163F2A9A1852009468BE /* Sources */,
				1BC716402A9A1852009468BE /* Frameworks */,
				1BC716412A9A1852009468BE /* Resources */,
			);
			buildRules = (
			);
			dependencies = (
				1BC716452A9A1852009468BE /* PBXTargetDependency */,
			);
			name = NetflixCloneTests;
			productName = NetflixCloneTests;
			productReference = 1BC716432A9A1852009468BE /* NetflixCloneTests.xctest */;
			productType = "com.apple.product-type.bundle.unit-test";
		};
		1BC7164C2A9A1852009468BE /* NetflixCloneUITests */ = {
			isa = PBXNativeTarget;
			buildConfigurationList = 1BC7165D2A9A1852009468BE /* Build configuration list for PBXNativeTarget "NetflixCloneUITests" */;
			buildPhases = (
				EB962523FF22E084BE2A2223 /* [CP] Check Pods Manifest.lock */,
				1BC716492A9A1852009468BE /* Sources */,
				1BC7164A2A9A1852009468BE /* Frameworks */,
				1BC7164B2A9A1852009468BE /* Resources */,
				3BEEC17307E0E2EE29D16763 /* [CP] Embed Pods Frameworks */,
			);
			buildRules = (
			);
			dependencies = (
				1BC7164F2A9A1852009468BE /* PBXTargetDependency */,
			);
			name = NetflixCloneUITests;
			productName = NetflixCloneUITests;
			productReference = 1BC7164D2A9A1852009468BE /* NetflixCloneUITests.xctest */;
			productType = "com.apple.product-type.bundle.ui-testing";
		};
/* End PBXNativeTarget section */

/* Begin PBXProject section */
		1BC716252A9A1850009468BE /* Project object */ = {
			isa = PBXProject;
			attributes = {
				BuildIndependentTargetsInParallel = 1;
				LastSwiftUpdateCheck = 1430;
				LastUpgradeCheck = 1430;
				TargetAttributes = {
					1BC7162C2A9A1850009468BE = {
						CreatedOnToolsVersion = 14.3;
					};
					1BC716422A9A1852009468BE = {
						CreatedOnToolsVersion = 14.3;
						TestTargetID = 1BC7162C2A9A1850009468BE;
					};
					1BC7164C2A9A1852009468BE = {
						CreatedOnToolsVersion = 14.3;
						TestTargetID = 1BC7162C2A9A1850009468BE;
					};
				};
			};
			buildConfigurationList = 1BC716282A9A1850009468BE /* Build configuration list for PBXProject "NetflixClone" */;
			compatibilityVersion = "Xcode 14.0";
			developmentRegion = en;
			hasScannedForEncodings = 0;
			knownRegions = (
				en,
				Base,
			);
			mainGroup = 1BC716242A9A1850009468BE;
			productRefGroup = 1BC7162E2A9A1850009468BE /* Products */;
			projectDirPath = "";
			projectRoot = "";
			targets = (
				1BC7162C2A9A1850009468BE /* NetflixClone */,
				1BC716422A9A1852009468BE /* NetflixCloneTests */,
				1BC7164C2A9A1852009468BE /* NetflixCloneUITests */,
			);
		};
/* End PBXProject section */

/* Begin PBXResourcesBuildPhase section */
		1BC7162B2A9A1850009468BE /* Resources */ = {
			isa = PBXResourcesBuildPhase;
			buildActionMask = 2147483647;
			files = (
				1BC7163D2A9A1852009468BE /* LaunchScreen.storyboard in Resources */,
				1BC7163A2A9A1852009468BE /* Assets.xcassets in Resources */,
			);
			runOnlyForDeploymentPostprocessing = 0;
		};
		1BC716412A9A1852009468BE /* Resources */ = {
			isa = PBXResourcesBuildPhase;
			buildActionMask = 2147483647;
			files = (
			);
			runOnlyForDeploymentPostprocessing = 0;
		};
		1BC7164B2A9A1852009468BE /* Resources */ = {
			isa = PBXResourcesBuildPhase;
			buildActionMask = 2147483647;
			files = (
			);
			runOnlyForDeploymentPostprocessing = 0;
		};
/* End PBXResourcesBuildPhase section */

/* Begin PBXShellScriptBuildPhase section */
		14D2D60C44DBD440967B9F7D /* [CP] Check Pods Manifest.lock */ = {
			isa = PBXShellScriptBuildPhase;
			buildActionMask = 2147483647;
			files = (
			);
			inputFileListPaths = (
			);
			inputPaths = (
				"${PODS_PODFILE_DIR_PATH}/Podfile.lock",
				"${PODS_ROOT}/Manifest.lock",
			);
			name = "[CP] Check Pods Manifest.lock";
			outputFileListPaths = (
			);
			outputPaths = (
				"$(DERIVED_FILE_DIR)/Pods-NetflixClone-checkManifestLockResult.txt",
			);
			runOnlyForDeploymentPostprocessing = 0;
			shellPath = /bin/sh;
			shellScript = "diff \"${PODS_PODFILE_DIR_PATH}/Podfile.lock\" \"${PODS_ROOT}/Manifest.lock\" > /dev/null\nif [ $? != 0 ] ; then\n    # print error to STDERR\n    echo \"error: The sandbox is not in sync with the Podfile.lock. Run 'pod install' or update your CocoaPods installation.\" >&2\n    exit 1\nfi\n# This output is used by Xcode 'outputs' to avoid re-running this script phase.\necho \"SUCCESS\" > \"${SCRIPT_OUTPUT_FILE_0}\"\n";
			showEnvVarsInLog = 0;
		};
		3BEEC17307E0E2EE29D16763 /* [CP] Embed Pods Frameworks */ = {
			isa = PBXShellScriptBuildPhase;
			buildActionMask = 2147483647;
			files = (
			);
			inputFileListPaths = (
				"${PODS_ROOT}/Target Support Files/Pods-NetflixClone-NetflixCloneUITests/Pods-NetflixClone-NetflixCloneUITests-frameworks-${CONFIGURATION}-input-files.xcfilelist",
			);
			name = "[CP] Embed Pods Frameworks";
			outputFileListPaths = (
				"${PODS_ROOT}/Target Support Files/Pods-NetflixClone-NetflixCloneUITests/Pods-NetflixClone-NetflixCloneUITests-frameworks-${CONFIGURATION}-output-files.xcfilelist",
			);
			runOnlyForDeploymentPostprocessing = 0;
			shellPath = /bin/sh;
			shellScript = "\"${PODS_ROOT}/Target Support Files/Pods-NetflixClone-NetflixCloneUITests/Pods-NetflixClone-NetflixCloneUITests-frameworks.sh\"\n";
			showEnvVarsInLog = 0;
		};
		6FEA1BAAB4B528F5F7482010 /* [CP] Embed Pods Frameworks */ = {
			isa = PBXShellScriptBuildPhase;
			buildActionMask = 2147483647;
			files = (
			);
			inputFileListPaths = (
				"${PODS_ROOT}/Target Support Files/Pods-NetflixClone/Pods-NetflixClone-frameworks-${CONFIGURATION}-input-files.xcfilelist",
			);
			name = "[CP] Embed Pods Frameworks";
			outputFileListPaths = (
				"${PODS_ROOT}/Target Support Files/Pods-NetflixClone/Pods-NetflixClone-frameworks-${CONFIGURATION}-output-files.xcfilelist",
			);
			runOnlyForDeploymentPostprocessing = 0;
			shellPath = /bin/sh;
			shellScript = "\"${PODS_ROOT}/Target Support Files/Pods-NetflixClone/Pods-NetflixClone-frameworks.sh\"\n";
			showEnvVarsInLog = 0;
		};
		8A453E66EB935984B05DD8C3 /* [CP] Check Pods Manifest.lock */ = {
			isa = PBXShellScriptBuildPhase;
			buildActionMask = 2147483647;
			files = (
			);
			inputFileListPaths = (
			);
			inputPaths = (
				"${PODS_PODFILE_DIR_PATH}/Podfile.lock",
				"${PODS_ROOT}/Manifest.lock",
			);
			name = "[CP] Check Pods Manifest.lock";
			outputFileListPaths = (
			);
			outputPaths = (
				"$(DERIVED_FILE_DIR)/Pods-NetflixCloneTests-checkManifestLockResult.txt",
			);
			runOnlyForDeploymentPostprocessing = 0;
			shellPath = /bin/sh;
			shellScript = "diff \"${PODS_PODFILE_DIR_PATH}/Podfile.lock\" \"${PODS_ROOT}/Manifest.lock\" > /dev/null\nif [ $? != 0 ] ; then\n    # print error to STDERR\n    echo \"error: The sandbox is not in sync with the Podfile.lock. Run 'pod install' or update your CocoaPods installation.\" >&2\n    exit 1\nfi\n# This output is used by Xcode 'outputs' to avoid re-running this script phase.\necho \"SUCCESS\" > \"${SCRIPT_OUTPUT_FILE_0}\"\n";
			showEnvVarsInLog = 0;
		};
		EB962523FF22E084BE2A2223 /* [CP] Check Pods Manifest.lock */ = {
			isa = PBXShellScriptBuildPhase;
			buildActionMask = 2147483647;
			files = (
			);
			inputFileListPaths = (
			);
			inputPaths = (
				"${PODS_PODFILE_DIR_PATH}/Podfile.lock",
				"${PODS_ROOT}/Manifest.lock",
			);
			name = "[CP] Check Pods Manifest.lock";
			outputFileListPaths = (
			);
			outputPaths = (
				"$(DERIVED_FILE_DIR)/Pods-NetflixClone-NetflixCloneUITests-checkManifestLockResult.txt",
			);
			runOnlyForDeploymentPostprocessing = 0;
			shellPath = /bin/sh;
			shellScript = "diff \"${PODS_PODFILE_DIR_PATH}/Podfile.lock\" \"${PODS_ROOT}/Manifest.lock\" > /dev/null\nif [ $? != 0 ] ; then\n    # print error to STDERR\n    echo \"error: The sandbox is not in sync with the Podfile.lock. Run 'pod install' or update your CocoaPods installation.\" >&2\n    exit 1\nfi\n# This output is used by Xcode 'outputs' to avoid re-running this script phase.\necho \"SUCCESS\" > \"${SCRIPT_OUTPUT_FILE_0}\"\n";
			showEnvVarsInLog = 0;
		};
/* End PBXShellScriptBuildPhase section */

/* Begin PBXSourcesBuildPhase section */
		1BC716292A9A1850009468BE /* Sources */ = {
			isa = PBXSourcesBuildPhase;
			buildActionMask = 2147483647;
			files = (
				1B71ABAF2AA3207100A7297F /* TitleTableViewCell.swift in Sources */,
				1B71ABC72AA3737400A7297F /* DataPersistenceManager.swift in Sources */,
				1BC716662A9A1A05009468BE /* SearchViewController.swift in Sources */,
				1B71ABC32AA33D6000A7297F /* TitlePreviewViewController.swift in Sources */,
				1BC716352A9A1850009468BE /* MainTabBarController.swift in Sources */,
				1B71ABBE2AA339FF00A7297F /* TitlePreviewViewModel.swift in Sources */,
				1B71ABB22AA3255700A7297F /* ApiCaller.swift in Sources */,
				1BC7166D2A9A1E2C009468BE /* CollectionViewTableViewCell.swift in Sources */,
				1BC7166F2A9A4EEF009468BE /* HeroHeaderUIView.swift in Sources */,
				1BC716682A9A1A24009468BE /* DownloadsViewController.swift in Sources */,
				1B71ABC02AA33A2B00A7297F /* YoutubeSearchResponse.swift in Sources */,
				1B71ABC52AA36B6F00A7297F /* SearchResultViewController.swift in Sources */,
				1B71ABBA2AA3392D00A7297F /* TitleCollectionViewCell.swift in Sources */,
				1BC716312A9A1850009468BE /* AppDelegate.swift in Sources */,
				1B71ABB52AA3258F00A7297F /* TrendingTitleResponse.swift in Sources */,
				1BC716642A9A19FA009468BE /* UpcommingViewController.swift in Sources */,
				1BC716332A9A1850009468BE /* SceneDelegate.swift in Sources */,
				1BC716622A9A19E6009468BE /* HomeViewController.swift in Sources */,
				1B71ABB82AA3286800A7297F /* TitleViewModel.swift in Sources */,
				1B71ABCA2AA373E700A7297F /* NetflixCloneModel.xcdatamodeld in Sources */,
				1B71ABCC2AA394EF00A7297F /* Extentions.swift in Sources */,
			);
			runOnlyForDeploymentPostprocessing = 0;
		};
		1BC7163F2A9A1852009468BE /* Sources */ = {
			isa = PBXSourcesBuildPhase;
			buildActionMask = 2147483647;
			files = (
				1BC716482A9A1852009468BE /* NetflixCloneTests.swift in Sources */,
			);
			runOnlyForDeploymentPostprocessing = 0;
		};
		1BC716492A9A1852009468BE /* Sources */ = {
			isa = PBXSourcesBuildPhase;
			buildActionMask = 2147483647;
			files = (
				1BC716522A9A1852009468BE /* NetflixCloneUITests.swift in Sources */,
				1BC716542A9A1852009468BE /* NetflixCloneUITestsLaunchTests.swift in Sources */,
			);
			runOnlyForDeploymentPostprocessing = 0;
		};
/* End PBXSourcesBuildPhase section */

/* Begin PBXTargetDependency section */
		1BC716452A9A1852009468BE /* PBXTargetDependency */ = {
			isa = PBXTargetDependency;
			target = 1BC7162C2A9A1850009468BE /* NetflixClone */;
			targetProxy = 1BC716442A9A1852009468BE /* PBXContainerItemProxy */;
		};
		1BC7164F2A9A1852009468BE /* PBXTargetDependency */ = {
			isa = PBXTargetDependency;
			target = 1BC7162C2A9A1850009468BE /* NetflixClone */;
			targetProxy = 1BC7164E2A9A1852009468BE /* PBXContainerItemProxy */;
		};
/* End PBXTargetDependency section */

/* Begin PBXVariantGroup section */
		1BC7163B2A9A1852009468BE /* LaunchScreen.storyboard */ = {
			isa = PBXVariantGroup;
			children = (
				1BC7163C2A9A1852009468BE /* Base */,
			);
			name = LaunchScreen.storyboard;
			sourceTree = "<group>";
		};
/* End PBXVariantGroup section */

/* Begin XCBuildConfiguration section */
		1BC716552A9A1852009468BE /* Debug */ = {
			isa = XCBuildConfiguration;
			buildSettings = {
				ALWAYS_SEARCH_USER_PATHS = NO;
				CLANG_ANALYZER_NONNULL = YES;
				CLANG_ANALYZER_NUMBER_OBJECT_CONVERSION = YES_AGGRESSIVE;
				CLANG_CXX_LANGUAGE_STANDARD = "gnu++20";
				CLANG_ENABLE_MODULES = YES;
				CLANG_ENABLE_OBJC_ARC = YES;
				CLANG_ENABLE_OBJC_WEAK = YES;
				CLANG_WARN_BLOCK_CAPTURE_AUTORELEASING = YES;
				CLANG_WARN_BOOL_CONVERSION = YES;
				CLANG_WARN_COMMA = YES;
				CLANG_WARN_CONSTANT_CONVERSION = YES;
				CLANG_WARN_DEPRECATED_OBJC_IMPLEMENTATIONS = YES;
				CLANG_WARN_DIRECT_OBJC_ISA_USAGE = YES_ERROR;
				CLANG_WARN_DOCUMENTATION_COMMENTS = YES;
				CLANG_WARN_EMPTY_BODY = YES;
				CLANG_WARN_ENUM_CONVERSION = YES;
				CLANG_WARN_INFINITE_RECURSION = YES;
				CLANG_WARN_INT_CONVERSION = YES;
				CLANG_WARN_NON_LITERAL_NULL_CONVERSION = YES;
				CLANG_WARN_OBJC_IMPLICIT_RETAIN_SELF = YES;
				CLANG_WARN_OBJC_LITERAL_CONVERSION = YES;
				CLANG_WARN_OBJC_ROOT_CLASS = YES_ERROR;
				CLANG_WARN_QUOTED_INCLUDE_IN_FRAMEWORK_HEADER = YES;
				CLANG_WARN_RANGE_LOOP_ANALYSIS = YES;
				CLANG_WARN_STRICT_PROTOTYPES = YES;
				CLANG_WARN_SUSPICIOUS_MOVE = YES;
				CLANG_WARN_UNGUARDED_AVAILABILITY = YES_AGGRESSIVE;
				CLANG_WARN_UNREACHABLE_CODE = YES;
				CLANG_WARN__DUPLICATE_METHOD_MATCH = YES;
				COPY_PHASE_STRIP = NO;
				DEBUG_INFORMATION_FORMAT = dwarf;
				ENABLE_STRICT_OBJC_MSGSEND = YES;
				ENABLE_TESTABILITY = YES;
				GCC_C_LANGUAGE_STANDARD = gnu11;
				GCC_DYNAMIC_NO_PIC = NO;
				GCC_NO_COMMON_BLOCKS = YES;
				GCC_OPTIMIZATION_LEVEL = 0;
				GCC_PREPROCESSOR_DEFINITIONS = (
					"DEBUG=1",
					"$(inherited)",
				);
				GCC_WARN_64_TO_32_BIT_CONVERSION = YES;
				GCC_WARN_ABOUT_RETURN_TYPE = YES_ERROR;
				GCC_WARN_UNDECLARED_SELECTOR = YES;
				GCC_WARN_UNINITIALIZED_AUTOS = YES_AGGRESSIVE;
				GCC_WARN_UNUSED_FUNCTION = YES;
				GCC_WARN_UNUSED_VARIABLE = YES;
				IPHONEOS_DEPLOYMENT_TARGET = 16.4;
				MTL_ENABLE_DEBUG_INFO = INCLUDE_SOURCE;
				MTL_FAST_MATH = YES;
				ONLY_ACTIVE_ARCH = YES;
				SDKROOT = iphoneos;
				SWIFT_ACTIVE_COMPILATION_CONDITIONS = DEBUG;
				SWIFT_OPTIMIZATION_LEVEL = "-Onone";
			};
			name = Debug;
		};
		1BC716562A9A1852009468BE /* Release */ = {
			isa = XCBuildConfiguration;
			buildSettings = {
				ALWAYS_SEARCH_USER_PATHS = NO;
				CLANG_ANALYZER_NONNULL = YES;
				CLANG_ANALYZER_NUMBER_OBJECT_CONVERSION = YES_AGGRESSIVE;
				CLANG_CXX_LANGUAGE_STANDARD = "gnu++20";
				CLANG_ENABLE_MODULES = YES;
				CLANG_ENABLE_OBJC_ARC = YES;
				CLANG_ENABLE_OBJC_WEAK = YES;
				CLANG_WARN_BLOCK_CAPTURE_AUTORELEASING = YES;
				CLANG_WARN_BOOL_CONVERSION = YES;
				CLANG_WARN_COMMA = YES;
				CLANG_WARN_CONSTANT_CONVERSION = YES;
				CLANG_WARN_DEPRECATED_OBJC_IMPLEMENTATIONS = YES;
				CLANG_WARN_DIRECT_OBJC_ISA_USAGE = YES_ERROR;
				CLANG_WARN_DOCUMENTATION_COMMENTS = YES;
				CLANG_WARN_EMPTY_BODY = YES;
				CLANG_WARN_ENUM_CONVERSION = YES;
				CLANG_WARN_INFINITE_RECURSION = YES;
				CLANG_WARN_INT_CONVERSION = YES;
				CLANG_WARN_NON_LITERAL_NULL_CONVERSION = YES;
				CLANG_WARN_OBJC_IMPLICIT_RETAIN_SELF = YES;
				CLANG_WARN_OBJC_LITERAL_CONVERSION = YES;
				CLANG_WARN_OBJC_ROOT_CLASS = YES_ERROR;
				CLANG_WARN_QUOTED_INCLUDE_IN_FRAMEWORK_HEADER = YES;
				CLANG_WARN_RANGE_LOOP_ANALYSIS = YES;
				CLANG_WARN_STRICT_PROTOTYPES = YES;
				CLANG_WARN_SUSPICIOUS_MOVE = YES;
				CLANG_WARN_UNGUARDED_AVAILABILITY = YES_AGGRESSIVE;
				CLANG_WARN_UNREACHABLE_CODE = YES;
				CLANG_WARN__DUPLICATE_METHOD_MATCH = YES;
				COPY_PHASE_STRIP = NO;
				DEBUG_INFORMATION_FORMAT = "dwarf-with-dsym";
				ENABLE_NS_ASSERTIONS = NO;
				ENABLE_STRICT_OBJC_MSGSEND = YES;
				GCC_C_LANGUAGE_STANDARD = gnu11;
				GCC_NO_COMMON_BLOCKS = YES;
				GCC_WARN_64_TO_32_BIT_CONVERSION = YES;
				GCC_WARN_ABOUT_RETURN_TYPE = YES_ERROR;
				GCC_WARN_UNDECLARED_SELECTOR = YES;
				GCC_WARN_UNINITIALIZED_AUTOS = YES_AGGRESSIVE;
				GCC_WARN_UNUSED_FUNCTION = YES;
				GCC_WARN_UNUSED_VARIABLE = YES;
				IPHONEOS_DEPLOYMENT_TARGET = 16.4;
				MTL_ENABLE_DEBUG_INFO = NO;
				MTL_FAST_MATH = YES;
				SDKROOT = iphoneos;
				SWIFT_COMPILATION_MODE = wholemodule;
				SWIFT_OPTIMIZATION_LEVEL = "-O";
				VALIDATE_PRODUCT = YES;
			};
			name = Release;
		};
		1BC716582A9A1852009468BE /* Debug */ = {
			isa = XCBuildConfiguration;
			baseConfigurationReference = FF6EB2770E0361E82C90B2F5 /* Pods-NetflixClone.debug.xcconfig */;
			buildSettings = {
				ASSETCATALOG_COMPILER_APPICON_NAME = AppIcon;
				ASSETCATALOG_COMPILER_GLOBAL_ACCENT_COLOR_NAME = AccentColor;
				CODE_SIGN_STYLE = Automatic;
				CURRENT_PROJECT_VERSION = 1;
				DEVELOPMENT_TEAM = NB3J3HAT5K;
				GENERATE_INFOPLIST_FILE = YES;
				INFOPLIST_FILE = NetflixClone/Info.plist;
				INFOPLIST_KEY_UIApplicationSupportsIndirectInputEvents = YES;
				INFOPLIST_KEY_UILaunchStoryboardName = LaunchScreen;
				INFOPLIST_KEY_UISupportedInterfaceOrientations_iPad = "UIInterfaceOrientationPortrait UIInterfaceOrientationPortraitUpsideDown UIInterfaceOrientationLandscapeLeft UIInterfaceOrientationLandscapeRight";
				INFOPLIST_KEY_UISupportedInterfaceOrientations_iPhone = "UIInterfaceOrientationPortrait UIInterfaceOrientationLandscapeLeft UIInterfaceOrientationLandscapeRight";
				LD_RUNPATH_SEARCH_PATHS = (
					"$(inherited)",
					"@executable_path/Frameworks",
				);
				MARKETING_VERSION = 1.0;
				PRODUCT_BUNDLE_IDENTIFIER = com.azhar.com.NetflixClone;
				PRODUCT_NAME = "$(TARGET_NAME)";
				SWIFT_EMIT_LOC_STRINGS = YES;
				SWIFT_VERSION = 5.0;
				TARGETED_DEVICE_FAMILY = "1,2";
			};
			name = Debug;
		};
		1BC716592A9A1852009468BE /* Release */ = {
			isa = XCBuildConfiguration;
			baseConfigurationReference = 34919B3965E9D7FCD451CF6B /* Pods-NetflixClone.release.xcconfig */;
			buildSettings = {
				ASSETCATALOG_COMPILER_APPICON_NAME = AppIcon;
				ASSETCATALOG_COMPILER_GLOBAL_ACCENT_COLOR_NAME = AccentColor;
				CODE_SIGN_STYLE = Automatic;
				CURRENT_PROJECT_VERSION = 1;
				DEVELOPMENT_TEAM = NB3J3HAT5K;
				GENERATE_INFOPLIST_FILE = YES;
				INFOPLIST_FILE = NetflixClone/Info.plist;
				INFOPLIST_KEY_UIApplicationSupportsIndirectInputEvents = YES;
				INFOPLIST_KEY_UILaunchStoryboardName = LaunchScreen;
				INFOPLIST_KEY_UISupportedInterfaceOrientations_iPad = "UIInterfaceOrientationPortrait UIInterfaceOrientationPortraitUpsideDown UIInterfaceOrientationLandscapeLeft UIInterfaceOrientationLandscapeRight";
				INFOPLIST_KEY_UISupportedInterfaceOrientations_iPhone = "UIInterfaceOrientationPortrait UIInterfaceOrientationLandscapeLeft UIInterfaceOrientationLandscapeRight";
				LD_RUNPATH_SEARCH_PATHS = (
					"$(inherited)",
					"@executable_path/Frameworks",
				);
				MARKETING_VERSION = 1.0;
				PRODUCT_BUNDLE_IDENTIFIER = com.azhar.com.NetflixClone;
				PRODUCT_NAME = "$(TARGET_NAME)";
				SWIFT_EMIT_LOC_STRINGS = YES;
				SWIFT_VERSION = 5.0;
				TARGETED_DEVICE_FAMILY = "1,2";
			};
			name = Release;
		};
		1BC7165B2A9A1852009468BE /* Debug */ = {
			isa = XCBuildConfiguration;
			baseConfigurationReference = AD52BC1283582796323C41DA /* Pods-NetflixCloneTests.debug.xcconfig */;
			buildSettings = {
				ALWAYS_EMBED_SWIFT_STANDARD_LIBRARIES = YES;
				BUNDLE_LOADER = "$(TEST_HOST)";
				CODE_SIGN_STYLE = Automatic;
				CURRENT_PROJECT_VERSION = 1;
				DEVELOPMENT_TEAM = NB3J3HAT5K;
				GENERATE_INFOPLIST_FILE = YES;
				IPHONEOS_DEPLOYMENT_TARGET = 16.4;
				MARKETING_VERSION = 1.0;
				PRODUCT_BUNDLE_IDENTIFIER = com.azhar.com.NetflixCloneTests;
				PRODUCT_NAME = "$(TARGET_NAME)";
				SWIFT_EMIT_LOC_STRINGS = NO;
				SWIFT_VERSION = 5.0;
				TARGETED_DEVICE_FAMILY = "1,2";
				TEST_HOST = "$(BUILT_PRODUCTS_DIR)/NetflixClone.app/$(BUNDLE_EXECUTABLE_FOLDER_PATH)/NetflixClone";
			};
			name = Debug;
		};
		1BC7165C2A9A1852009468BE /* Release */ = {
			isa = XCBuildConfiguration;
			baseConfigurationReference = 36ED04F3370E8B3172EA626C /* Pods-NetflixCloneTests.release.xcconfig */;
			buildSettings = {
				ALWAYS_EMBED_SWIFT_STANDARD_LIBRARIES = YES;
				BUNDLE_LOADER = "$(TEST_HOST)";
				CODE_SIGN_STYLE = Automatic;
				CURRENT_PROJECT_VERSION = 1;
				DEVELOPMENT_TEAM = NB3J3HAT5K;
				GENERATE_INFOPLIST_FILE = YES;
				IPHONEOS_DEPLOYMENT_TARGET = 16.4;
				MARKETING_VERSION = 1.0;
				PRODUCT_BUNDLE_IDENTIFIER = com.azhar.com.NetflixCloneTests;
				PRODUCT_NAME = "$(TARGET_NAME)";
				SWIFT_EMIT_LOC_STRINGS = NO;
				SWIFT_VERSION = 5.0;
				TARGETED_DEVICE_FAMILY = "1,2";
				TEST_HOST = "$(BUILT_PRODUCTS_DIR)/NetflixClone.app/$(BUNDLE_EXECUTABLE_FOLDER_PATH)/NetflixClone";
			};
			name = Release;
		};
		1BC7165E2A9A1852009468BE /* Debug */ = {
			isa = XCBuildConfiguration;
			baseConfigurationReference = B86929229DC587DBA6C4266C /* Pods-NetflixClone-NetflixCloneUITests.debug.xcconfig */;
			buildSettings = {
				ALWAYS_EMBED_SWIFT_STANDARD_LIBRARIES = YES;
				CODE_SIGN_STYLE = Automatic;
				CURRENT_PROJECT_VERSION = 1;
				DEVELOPMENT_TEAM = NB3J3HAT5K;
				GENERATE_INFOPLIST_FILE = YES;
				MARKETING_VERSION = 1.0;
				PRODUCT_BUNDLE_IDENTIFIER = com.azhar.com.NetflixCloneUITests;
				PRODUCT_NAME = "$(TARGET_NAME)";
				SWIFT_EMIT_LOC_STRINGS = NO;
				SWIFT_VERSION = 5.0;
				TARGETED_DEVICE_FAMILY = "1,2";
				TEST_TARGET_NAME = NetflixClone;
			};
			name = Debug;
		};
		1BC7165F2A9A1852009468BE /* Release */ = {
			isa = XCBuildConfiguration;
			baseConfigurationReference = 17CDAF69B89AD242A4B7F195 /* Pods-NetflixClone-NetflixCloneUITests.release.xcconfig */;
			buildSettings = {
				ALWAYS_EMBED_SWIFT_STANDARD_LIBRARIES = YES;
				CODE_SIGN_STYLE = Automatic;
				CURRENT_PROJECT_VERSION = 1;
				DEVELOPMENT_TEAM = NB3J3HAT5K;
				GENERATE_INFOPLIST_FILE = YES;
				MARKETING_VERSION = 1.0;
				PRODUCT_BUNDLE_IDENTIFIER = com.azhar.com.NetflixCloneUITests;
				PRODUCT_NAME = "$(TARGET_NAME)";
				SWIFT_EMIT_LOC_STRINGS = NO;
				SWIFT_VERSION = 5.0;
				TARGETED_DEVICE_FAMILY = "1,2";
				TEST_TARGET_NAME = NetflixClone;
			};
			name = Release;
		};
/* End XCBuildConfiguration section */

/* Begin XCConfigurationList section */
		1BC716282A9A1850009468BE /* Build configuration list for PBXProject "NetflixClone" */ = {
			isa = XCConfigurationList;
			buildConfigurations = (
				1BC716552A9A1852009468BE /* Debug */,
				1BC716562A9A1852009468BE /* Release */,
			);
			defaultConfigurationIsVisible = 0;
			defaultConfigurationName = Release;
		};
		1BC716572A9A1852009468BE /* Build configuration list for PBXNativeTarget "NetflixClone" */ = {
			isa = XCConfigurationList;
			buildConfigurations = (
				1BC716582A9A1852009468BE /* Debug */,
				1BC716592A9A1852009468BE /* Release */,
			);
			defaultConfigurationIsVisible = 0;
			defaultConfigurationName = Release;
		};
		1BC7165A2A9A1852009468BE /* Build configuration list for PBXNativeTarget "NetflixCloneTests" */ = {
			isa = XCConfigurationList;
			buildConfigurations = (
				1BC7165B2A9A1852009468BE /* Debug */,
				1BC7165C2A9A1852009468BE /* Release */,
			);
			defaultConfigurationIsVisible = 0;
			defaultConfigurationName = Release;
		};
		1BC7165D2A9A1852009468BE /* Build configuration list for PBXNativeTarget "NetflixCloneUITests" */ = {
			isa = XCConfigurationList;
			buildConfigurations = (
				1BC7165E2A9A1852009468BE /* Debug */,
				1BC7165F2A9A1852009468BE /* Release */,
			);
			defaultConfigurationIsVisible = 0;
			defaultConfigurationName = Release;
		};
/* End XCConfigurationList section */

/* Begin XCVersionGroup section */
		1B71ABC82AA373E700A7297F /* NetflixCloneModel.xcdatamodeld */ = {
			isa = XCVersionGroup;
			children = (
				1B71ABC92AA373E700A7297F /* TitleItem.xcdatamodel */,
			);
			currentVersion = 1B71ABC92AA373E700A7297F /* TitleItem.xcdatamodel */;
			path = NetflixCloneModel.xcdatamodeld;
			sourceTree = "<group>";
			versionGroupType = wrapper.xcdatamodel;
		};
/* End XCVersionGroup section */
	};
	rootObject = 1BC716252A9A1850009468BE /* Project object */;
}
